// !$*UTF8*$!
{
	archiveVersion = 1;
	classes = {
	};
	objectVersion = 46;
	objects = {

/* Begin PBXBuildFile section */
		1F28405B1C58997700F0C187 /* main.m in Sources */ = {isa = PBXBuildFile; fileRef = 1F28405A1C58997700F0C187 /* main.m */; };
		1F28405E1C58997700F0C187 /* AppDelegate.m in Sources */ = {isa = PBXBuildFile; fileRef = 1F28405D1C58997700F0C187 /* AppDelegate.m */; };
		1F2840611C58997700F0C187 /* ViewController.m in Sources */ = {isa = PBXBuildFile; fileRef = 1F2840601C58997700F0C187 /* ViewController.m */; };
		1F2840641C58997700F0C187 /* Main.storyboard in Resources */ = {isa = PBXBuildFile; fileRef = 1F2840621C58997700F0C187 /* Main.storyboard */; };
		1F2840661C58997700F0C187 /* Assets.xcassets in Resources */ = {isa = PBXBuildFile; fileRef = 1F2840651C58997700F0C187 /* Assets.xcassets */; };
		1F2840691C58997700F0C187 /* LaunchScreen.storyboard in Resources */ = {isa = PBXBuildFile; fileRef = 1F2840671C58997700F0C187 /* LaunchScreen.storyboard */; };
		1F2840741C58997800F0C187 /* __MVPTests.m in Sources */ = {isa = PBXBuildFile; fileRef = 1F2840731C58997800F0C187 /* __MVPTests.m */; };
		1F28407F1C58997800F0C187 /* __MVPUITests.m in Sources */ = {isa = PBXBuildFile; fileRef = 1F28407E1C58997800F0C187 /* __MVPUITests.m */; };
/* End PBXBuildFile section */

/* Begin PBXContainerItemProxy section */
		1F2840701C58997700F0C187 /* PBXContainerItemProxy */ = {
			isa = PBXContainerItemProxy;
			containerPortal = 1F28404E1C58997700F0C187 /* Project object */;
			proxyType = 1;
			remoteGlobalIDString = 1F2840551C58997700F0C187;
			remoteInfo = 2.MVP;
		};
		1F28407B1C58997800F0C187 /* PBXContainerItemProxy */ = {
			isa = PBXContainerItemProxy;
			containerPortal = 1F28404E1C58997700F0C187 /* Project object */;
			proxyType = 1;
			remoteGlobalIDString = 1F2840551C58997700F0C187;
			remoteInfo = 2.MVP;
		};
/* End PBXContainerItemProxy section */

/* Begin PBXFileReference section */
		1F2840561C58997700F0C187 /* 2.MVP.app */ = {isa = PBXFileReference; explicitFileType = wrapper.application; includeInIndex = 0; path = 2.MVP.app; sourceTree = BUILT_PRODUCTS_DIR; };
		1F28405A1C58997700F0C187 /* main.m */ = {isa = PBXFileReference; lastKnownFileType = sourcecode.c.objc; path = main.m; sourceTree = "<group>"; };
		1F28405C1C58997700F0C187 /* AppDelegate.h */ = {isa = PBXFileReference; lastKnownFileType = sourcecode.c.h; path = AppDelegate.h; sourceTree = "<group>"; };
		1F28405D1C58997700F0C187 /* AppDelegate.m */ = {isa = PBXFileReference; lastKnownFileType = sourcecode.c.objc; path = AppDelegate.m; sourceTree = "<group>"; };
		1F28405F1C58997700F0C187 /* ViewController.h */ = {isa = PBXFileReference; lastKnownFileType = sourcecode.c.h; path = ViewController.h; sourceTree = "<group>"; };
		1F2840601C58997700F0C187 /* ViewController.m */ = {isa = PBXFileReference; lastKnownFileType = sourcecode.c.objc; path = ViewController.m; sourceTree = "<group>"; };
		1F2840631C58997700F0C187 /* Base */ = {isa = PBXFileReference; lastKnownFileType = file.storyboard; name = Base; path = Base.lproj/Main.storyboard; sourceTree = "<group>"; };
		1F2840651C58997700F0C187 /* Assets.xcassets */ = {isa = PBXFileReference; lastKnownFileType = folder.assetcatalog; path = Assets.xcassets; sourceTree = "<group>"; };
		1F2840681C58997700F0C187 /* Base */ = {isa = PBXFileReference; lastKnownFileType = file.storyboard; name = Base; path = Base.lproj/LaunchScreen.storyboard; sourceTree = "<group>"; };
		1F28406A1C58997700F0C187 /* Info.plist */ = {isa = PBXFileReference; lastKnownFileType = text.plist.xml; path = Info.plist; sourceTree = "<group>"; };
		1F28406F1C58997700F0C187 /* 2.MVPTests.xctest */ = {isa = PBXFileReference; explicitFileType = wrapper.cfbundle; includeInIndex = 0; path = 2.MVPTests.xctest; sourceTree = BUILT_PRODUCTS_DIR; };
		1F2840731C58997800F0C187 /* __MVPTests.m */ = {isa = PBXFileReference; lastKnownFileType = sourcecode.c.objc; path = __MVPTests.m; sourceTree = "<group>"; };
		1F2840751C58997800F0C187 /* Info.plist */ = {isa = PBXFileReference; lastKnownFileType = text.plist.xml; path = Info.plist; sourceTree = "<group>"; };
		1F28407A1C58997800F0C187 /* 2.MVPUITests.xctest */ = {isa = PBXFileReference; explicitFileType = wrapper.cfbundle; includeInIndex = 0; path = 2.MVPUITests.xctest; sourceTree = BUILT_PRODUCTS_DIR; };
		1F28407E1C58997800F0C187 /* __MVPUITests.m */ = {isa = PBXFileReference; lastKnownFileType = sourcecode.c.objc; path = __MVPUITests.m; sourceTree = "<group>"; };
		1F2840801C58997800F0C187 /* Info.plist */ = {isa = PBXFileReference; lastKnownFileType = text.plist.xml; path = Info.plist; sourceTree = "<group>"; };
/* End PBXFileReference section */

/* Begin PBXFrameworksBuildPhase section */
		1F2840531C58997700F0C187 /* Frameworks */ = {
			isa = PBXFrameworksBuildPhase;
			buildActionMask = 2147483647;
			files = (
			);
			runOnlyForDeploymentPostprocessing = 0;
		};
		1F28406C1C58997700F0C187 /* Frameworks */ = {
			isa = PBXFrameworksBuildPhase;
			buildActionMask = 2147483647;
			files = (
			);
			runOnlyForDeploymentPostprocessing = 0;
		};
		1F2840771C58997800F0C187 /* Frameworks */ = {
			isa = PBXFrameworksBuildPhase;
			buildActionMask = 2147483647;
			files = (
			);
			runOnlyForDeploymentPostprocessing = 0;
		};
/* End PBXFrameworksBuildPhase section */

/* Begin PBXGroup section */
		1F28404D1C58997700F0C187 = {
			isa = PBXGroup;
			children = (
				1F2840581C58997700F0C187 /* 2.MVP */,
				1F2840721C58997700F0C187 /* 2.MVPTests */,
				1F28407D1C58997800F0C187 /* 2.MVPUITests */,
				1F2840571C58997700F0C187 /* Products */,
			);
			sourceTree = "<group>";
		};
		1F2840571C58997700F0C187 /* Products */ = {
			isa = PBXGroup;
			children = (
				1F2840561C58997700F0C187 /* 2.MVP.app */,
				1F28406F1C58997700F0C187 /* 2.MVPTests.xctest */,
				1F28407A1C58997800F0C187 /* 2.MVPUITests.xctest */,
			);
			name = Products;
			sourceTree = "<group>";
		};
		1F2840581C58997700F0C187 /* 2.MVP */ = {
			isa = PBXGroup;
			children = (
				1F28405C1C58997700F0C187 /* AppDelegate.h */,
				1F28405D1C58997700F0C187 /* AppDelegate.m */,
				1F28405F1C58997700F0C187 /* ViewController.h */,
				1F2840601C58997700F0C187 /* ViewController.m */,
				1F2840621C58997700F0C187 /* Main.storyboard */,
				1F2840651C58997700F0C187 /* Assets.xcassets */,
				1F2840671C58997700F0C187 /* LaunchScreen.storyboard */,
				1F28406A1C58997700F0C187 /* Info.plist */,
				1F2840591C58997700F0C187 /* Supporting Files */,
			);
			path = 2.MVP;
			sourceTree = "<group>";
		};
		1F2840591C58997700F0C187 /* Supporting Files */ = {
			isa = PBXGroup;
			children = (
				1F28405A1C58997700F0C187 /* main.m */,
			);
			name = "Supporting Files";
			sourceTree = "<group>";
		};
		1F2840721C58997700F0C187 /* 2.MVPTests */ = {
			isa = PBXGroup;
			children = (
				1F2840731C58997800F0C187 /* __MVPTests.m */,
				1F2840751C58997800F0C187 /* Info.plist */,
			);
			path = 2.MVPTests;
			sourceTree = "<group>";
		};
		1F28407D1C58997800F0C187 /* 2.MVPUITests */ = {
			isa = PBXGroup;
			children = (
				1F28407E1C58997800F0C187 /* __MVPUITests.m */,
				1F2840801C58997800F0C187 /* Info.plist */,
			);
			path = 2.MVPUITests;
			sourceTree = "<group>";
		};
/* End PBXGroup section */

/* Begin PBXNativeTarget section */
		1F2840551C58997700F0C187 /* 2.MVP */ = {
			isa = PBXNativeTarget;
			buildConfigurationList = 1F2840831C58997800F0C187 /* Build configuration list for PBXNativeTarget "2.MVP" */;
			buildPhases = (
				1F2840521C58997700F0C187 /* Sources */,
				1F2840531C58997700F0C187 /* Frameworks */,
				1F2840541C58997700F0C187 /* Resources */,
			);
			buildRules = (
			);
			dependencies = (
			);
			name = 2.MVP;
			productName = 2.MVP;
			productReference = 1F2840561C58997700F0C187 /* 2.MVP.app */;
			productType = "com.apple.product-type.application";
		};
		1F28406E1C58997700F0C187 /* 2.MVPTests */ = {
			isa = PBXNativeTarget;
			buildConfigurationList = 1F2840861C58997800F0C187 /* Build configuration list for PBXNativeTarget "2.MVPTests" */;
			buildPhases = (
				1F28406B1C58997700F0C187 /* Sources */,
				1F28406C1C58997700F0C187 /* Frameworks */,
				1F28406D1C58997700F0C187 /* Resources */,
			);
			buildRules = (
			);
			dependencies = (
				1F2840711C58997700F0C187 /* PBXTargetDependency */,
			);
			name = 2.MVPTests;
			productName = 2.MVPTests;
			productReference = 1F28406F1C58997700F0C187 /* 2.MVPTests.xctest */;
			productType = "com.apple.product-type.bundle.unit-test";
		};
		1F2840791C58997800F0C187 /* 2.MVPUITests */ = {
			isa = PBXNativeTarget;
			buildConfigurationList = 1F2840891C58997800F0C187 /* Build configuration list for PBXNativeTarget "2.MVPUITests" */;
			buildPhases = (
				1F2840761C58997800F0C187 /* Sources */,
				1F2840771C58997800F0C187 /* Frameworks */,
				1F2840781C58997800F0C187 /* Resources */,
			);
			buildRules = (
			);
			dependencies = (
				1F28407C1C58997800F0C187 /* PBXTargetDependency */,
			);
			name = 2.MVPUITests;
			productName = 2.MVPUITests;
			productReference = 1F28407A1C58997800F0C187 /* 2.MVPUITests.xctest */;
			productType = "com.apple.product-type.bundle.ui-testing";
		};
/* End PBXNativeTarget section */

/* Begin PBXProject section */
		1F28404E1C58997700F0C187 /* Project object */ = {
			isa = PBXProject;
			attributes = {
				LastUpgradeCheck = 0720;
				ORGANIZATIONNAME = "Shenzhen Cunhou Industrial Co.Ltd";
				TargetAttributes = {
					1F2840551C58997700F0C187 = {
						CreatedOnToolsVersion = 7.2;
					};
					1F28406E1C58997700F0C187 = {
						CreatedOnToolsVersion = 7.2;
						TestTargetID = 1F2840551C58997700F0C187;
					};
					1F2840791C58997800F0C187 = {
						CreatedOnToolsVersion = 7.2;
						TestTargetID = 1F2840551C58997700F0C187;
					};
				};
			};
			buildConfigurationList = 1F2840511C58997700F0C187 /* Build configuration list for PBXProject "2.MVP" */;
			compatibilityVersion = "Xcode 3.2";
			developmentRegion = English;
			hasScannedForEncodings = 0;
			knownRegions = (
				en,
				Base,
			);
			mainGroup = 1F28404D1C58997700F0C187;
			productRefGroup = 1F2840571C58997700F0C187 /* Products */;
			projectDirPath = "";
			projectRoot = "";
			targets = (
				1F2840551C58997700F0C187 /* 2.MVP */,
				1F28406E1C58997700F0C187 /* 2.MVPTests */,
				1F2840791C58997800F0C187 /* 2.MVPUITests */,
			);
		};
/* End PBXProject section */

/* Begin PBXResourcesBuildPhase section */
		1F2840541C58997700F0C187 /* Resources */ = {
			isa = PBXResourcesBuildPhase;
			buildActionMask = 2147483647;
			files = (
				1F2840691C58997700F0C187 /* LaunchScreen.storyboard in Resources */,
				1F2840661C58997700F0C187 /* Assets.xcassets in Resources */,
				1F2840641C58997700F0C187 /* Main.storyboard in Resources */,
			);
			runOnlyForDeploymentPostprocessing = 0;
		};
		1F28406D1C58997700F0C187 /* Resources */ = {
			isa = PBXResourcesBuildPhase;
			buildActionMask = 2147483647;
			files = (
			);
			runOnlyForDeploymentPostprocessing = 0;
		};
		1F2840781C58997800F0C187 /* Resources */ = {
			isa = PBXResourcesBuildPhase;
			buildActionMask = 2147483647;
			files = (
			);
			runOnlyForDeploymentPostprocessing = 0;
		};
/* End PBXResourcesBuildPhase section */

/* Begin PBXSourcesBuildPhase section */
		1F2840521C58997700F0C187 /* Sources */ = {
			isa = PBXSourcesBuildPhase;
			buildActionMask = 2147483647;
			files = (
				1F2840611C58997700F0C187 /* ViewController.m in Sources */,
				1F28405E1C58997700F0C187 /* AppDelegate.m in Sources */,
				1F28405B1C58997700F0C187 /* main.m in Sources */,
			);
			runOnlyForDeploymentPostprocessing = 0;
		};
		1F28406B1C58997700F0C187 /* Sources */ = {
			isa = PBXSourcesBuildPhase;
			buildActionMask = 2147483647;
			files = (
				1F2840741C58997800F0C187 /* __MVPTests.m in Sources */,
			);
			runOnlyForDeploymentPostprocessing = 0;
		};
		1F2840761C58997800F0C187 /* Sources */ = {
			isa = PBXSourcesBuildPhase;
			buildActionMask = 2147483647;
			files = (
				1F28407F1C58997800F0C187 /* __MVPUITests.m in Sources */,
			);
			runOnlyForDeploymentPostprocessing = 0;
		};
/* End PBXSourcesBuildPhase section */

/* Begin PBXTargetDependency section */
		1F2840711C58997700F0C187 /* PBXTargetDependency */ = {
			isa = PBXTargetDependency;
			target = 1F2840551C58997700F0C187 /* 2.MVP */;
			targetProxy = 1F2840701C58997700F0C187 /* PBXContainerItemProxy */;
		};
		1F28407C1C58997800F0C187 /* PBXTargetDependency */ = {
			isa = PBXTargetDependency;
			target = 1F2840551C58997700F0C187 /* 2.MVP */;
			targetProxy = 1F28407B1C58997800F0C187 /* PBXContainerItemProxy */;
		};
/* End PBXTargetDependency section */

/* Begin PBXVariantGroup section */
		1F2840621C58997700F0C187 /* Main.storyboard */ = {
			isa = PBXVariantGroup;
			children = (
				1F2840631C58997700F0C187 /* Base */,
			);
			name = Main.storyboard;
			sourceTree = "<group>";
		};
		1F2840671C58997700F0C187 /* LaunchScreen.storyboard */ = {
			isa = PBXVariantGroup;
			children = (
				1F2840681C58997700F0C187 /* Base */,
			);
			name = LaunchScreen.storyboard;
			sourceTree = "<group>";
		};
/* End PBXVariantGroup section */

/* Begin XCBuildConfiguration section */
		1F2840811C58997800F0C187 /* Debug */ = {
			isa = XCBuildConfiguration;
			buildSettings = {
				ALWAYS_SEARCH_USER_PATHS = NO;
				CLANG_CXX_LANGUAGE_STANDARD = "gnu++0x";
				CLANG_CXX_LIBRARY = "libc++";
				CLANG_ENABLE_MODULES = YES;
				CLANG_ENABLE_OBJC_ARC = YES;
				CLANG_WARN_BOOL_CONVERSION = YES;
				CLANG_WARN_CONSTANT_CONVERSION = YES;
				CLANG_WARN_DIRECT_OBJC_ISA_USAGE = YES_ERROR;
				CLANG_WARN_EMPTY_BODY = YES;
				CLANG_WARN_ENUM_CONVERSION = YES;
				CLANG_WARN_INT_CONVERSION = YES;
				CLANG_WARN_OBJC_ROOT_CLASS = YES_ERROR;
				CLANG_WARN_UNREACHABLE_CODE = YES;
				CLANG_WARN__DUPLICATE_METHOD_MATCH = YES;
				"CODE_SIGN_IDENTITY[sdk=iphoneos*]" = "iPhone Developer";
				COPY_PHASE_STRIP = NO;
				DEBUG_INFORMATION_FORMAT = dwarf;
				ENABLE_STRICT_OBJC_MSGSEND = YES;
				ENABLE_TESTABILITY = YES;
				GCC_C_LANGUAGE_STANDARD = gnu99;
				GCC_DYNAMIC_NO_PIC = NO;
				GCC_NO_COMMON_BLOCKS = YES;
				GCC_OPTIMIZATION_LEVEL = 0;
				GCC_PREPROCESSOR_DEFINITIONS = (
					"DEBUG=1",
					"$(inherited)",
				);
				GCC_WARN_64_TO_32_BIT_CONVERSION = YES;
				GCC_WARN_ABOUT_RETURN_TYPE = YES_ERROR;
				GCC_WARN_UNDECLARED_SELECTOR = YES;
				GCC_WARN_UNINITIALIZED_AUTOS = YES_AGGRESSIVE;
				GCC_WARN_UNUSED_FUNCTION = YES;
				GCC_WARN_UNUSED_VARIABLE = YES;
				IPHONEOS_DEPLOYMENT_TARGET = 9.2;
				MTL_ENABLE_DEBUG_INFO = YES;
				ONLY_ACTIVE_ARCH = YES;
				SDKROOT = iphoneos;
			};
			name = Debug;
		};
		1F2840821C58997800F0C187 /* Release */ = {
			isa = XCBuildConfiguration;
			buildSettings = {
				ALWAYS_SEARCH_USER_PATHS = NO;
				CLANG_CXX_LANGUAGE_STANDARD = "gnu++0x";
				CLANG_CXX_LIBRARY = "libc++";
				CLANG_ENABLE_MODULES = YES;
				CLANG_ENABLE_OBJC_ARC = YES;
				CLANG_WARN_BOOL_CONVERSION = YES;
				CLANG_WARN_CONSTANT_CONVERSION = YES;
				CLANG_WARN_DIRECT_OBJC_ISA_USAGE = YES_ERROR;
				CLANG_WARN_EMPTY_BODY = YES;
				CLANG_WARN_ENUM_CONVERSION = YES;
				CLANG_WARN_INT_CONVERSION = YES;
				CLANG_WARN_OBJC_ROOT_CLASS = YES_ERROR;
				CLANG_WARN_UNREACHABLE_CODE = YES;
				CLANG_WARN__DUPLICATE_METHOD_MATCH = YES;
				"CODE_SIGN_IDENTITY[sdk=iphoneos*]" = "iPhone Developer";
				COPY_PHASE_STRIP = NO;
				DEBUG_INFORMATION_FORMAT = "dwarf-with-dsym";
				ENABLE_NS_ASSERTIONS = NO;
				ENABLE_STRICT_OBJC_MSGSEND = YES;
				GCC_C_LANGUAGE_STANDARD = gnu99;
				GCC_NO_COMMON_BLOCKS = YES;
				GCC_WARN_64_TO_32_BIT_CONVERSION = YES;
				GCC_WARN_ABOUT_RETURN_TYPE = YES_ERROR;
				GCC_WARN_UNDECLARED_SELECTOR = YES;
				GCC_WARN_UNINITIALIZED_AUTOS = YES_AGGRESSIVE;
				GCC_WARN_UNUSED_FUNCTION = YES;
				GCC_WARN_UNUSED_VARIABLE = YES;
				IPHONEOS_DEPLOYMENT_TARGET = 9.2;
				MTL_ENABLE_DEBUG_INFO = NO;
				SDKROOT = iphoneos;
				VALIDATE_PRODUCT = YES;
			};
			name = Release;
		};
		1F2840841C58997800F0C187 /* Debug */ = {
			isa = XCBuildConfiguration;
			buildSettings = {
				ASSETCATALOG_COMPILER_APPICON_NAME = AppIcon;
				INFOPLIST_FILE = 2.MVP/Info.plist;
				LD_RUNPATH_SEARCH_PATHS = "$(inherited) @executable_path/Frameworks";
				PRODUCT_BUNDLE_IDENTIFIER = "com.topshopcrm.--MVP";
				PRODUCT_NAME = "$(TARGET_NAME)";
			};
			name = Debug;
		};
		1F2840851C58997800F0C187 /* Release */ = {
			isa = XCBuildConfiguration;
			buildSettings = {
				ASSETCATALOG_COMPILER_APPICON_NAME = AppIcon;
				INFOPLIST_FILE = 2.MVP/Info.plist;
				LD_RUNPATH_SEARCH_PATHS = "$(inherited) @executable_path/Frameworks";
				PRODUCT_BUNDLE_IDENTIFIER = "com.topshopcrm.--MVP";
				PRODUCT_NAME = "$(TARGET_NAME)";
			};
			name = Release;
		};
		1F2840871C58997800F0C187 /* Debug */ = {
			isa = XCBuildConfiguration;
			buildSettings = {
				BUNDLE_LOADER = "$(TEST_HOST)";
				INFOPLIST_FILE = 2.MVPTests/Info.plist;
				LD_RUNPATH_SEARCH_PATHS = "$(inherited) @executable_path/Frameworks @loader_path/Frameworks";
				PRODUCT_BUNDLE_IDENTIFIER = "com.topshopcrm.--MVPTests";
				PRODUCT_NAME = "$(TARGET_NAME)";
				TEST_HOST = "$(BUILT_PRODUCTS_DIR)/2.MVP.app/2.MVP";
			};
			name = Debug;
		};
		1F2840881C58997800F0C187 /* Release */ = {
			isa = XCBuildConfiguration;
			buildSettings = {
				BUNDLE_LOADER = "$(TEST_HOST)";
				INFOPLIST_FILE = 2.MVPTests/Info.plist;
				LD_RUNPATH_SEARCH_PATHS = "$(inherited) @executable_path/Frameworks @loader_path/Frameworks";
				PRODUCT_BUNDLE_IDENTIFIER = "com.topshopcrm.--MVPTests";
				PRODUCT_NAME = "$(TARGET_NAME)";
				TEST_HOST = "$(BUILT_PRODUCTS_DIR)/2.MVP.app/2.MVP";
			};
			name = Release;
		};
		1F28408A1C58997800F0C187 /* Debug */ = {
			isa = XCBuildConfiguration;
			buildSettings = {
				INFOPLIST_FILE = 2.MVPUITests/Info.plist;
				LD_RUNPATH_SEARCH_PATHS = "$(inherited) @executable_path/Frameworks @loader_path/Frameworks";
				PRODUCT_BUNDLE_IDENTIFIER = "com.topshopcrm.--MVPUITests";
				PRODUCT_NAME = "$(TARGET_NAME)";
				TEST_TARGET_NAME = 2.MVP;
				USES_XCTRUNNER = YES;
			};
			name = Debug;
		};
		1F28408B1C58997800F0C187 /* Release */ = {
			isa = XCBuildConfiguration;
			buildSettings = {
				INFOPLIST_FILE = 2.MVPUITests/Info.plist;
				LD_RUNPATH_SEARCH_PATHS = "$(inherited) @executable_path/Frameworks @loader_path/Frameworks";
				PRODUCT_BUNDLE_IDENTIFIER = "com.topshopcrm.--MVPUITests";
				PRODUCT_NAME = "$(TARGET_NAME)";
				TEST_TARGET_NAME = 2.MVP;
				USES_XCTRUNNER = YES;
			};
			name = Release;
		};
/* End XCBuildConfiguration section */

/* Begin XCConfigurationList section */
		1F2840511C58997700F0C187 /* Build configuration list for PBXProject "2.MVP" */ = {
			isa = XCConfigurationList;
			buildConfigurations = (
				1F2840811C58997800F0C187 /* Debug */,
				1F2840821C58997800F0C187 /* Release */,
			);
			defaultConfigurationIsVisible = 0;
			defaultConfigurationName = Release;
		};
		1F2840831C58997800F0C187 /* Build configuration list for PBXNativeTarget "2.MVP" */ = {
			isa = XCConfigurationList;
			buildConfigurations = (
				1F2840841C58997800F0C187 /* Debug */,
				1F2840851C58997800F0C187 /* Release */,
			);
			defaultConfigurationIsVisible = 0;
		};
		1F2840861C58997800F0C187 /* Build configuration list for PBXNativeTarget "2.MVPTests" */ = {
			isa = XCConfigurationList;
			buildConfigurations = (
				1F2840871C58997800F0C187 /* Debug */,
				1F2840881C58997800F0C187 /* Release */,
			);
			defaultConfigurationIsVisible = 0;
		};
		1F2840891C58997800F0C187 /* Build configuration list for PBXNativeTarget "2.MVPUITests" */ = {
			isa = XCConfigurationList;
			buildConfigurations = (
				1F28408A1C58997800F0C187 /* Debug */,
				1F28408B1C58997800F0C187 /* Release */,
			);
			defaultConfigurationIsVisible = 0;
		};
/* End XCConfigurationList section */
	};
	rootObject = 1F28404E1C58997700F0C187 /* Project object */;
}
